// !$*UTF8*$!
{
	archiveVersion = 1;
	classes = {
	};
	objectVersion = 52;
	objects = {

/* Begin PBXBuildFile section */
		19EF9B4226A2E4A8007A0BBA /* AppDelegate.swift in Sources */ = {isa = PBXBuildFile; fileRef = 19EF9B4126A2E4A8007A0BBA /* AppDelegate.swift */; };
		19EF9B4B26A2E4A8007A0BBA /* Assets.xcassets in Resources */ = {isa = PBXBuildFile; fileRef = 19EF9B4A26A2E4A8007A0BBA /* Assets.xcassets */; };
		19EF9B4E26A2E4A8007A0BBA /* LaunchScreen.storyboard in Resources */ = {isa = PBXBuildFile; fileRef = 19EF9B4C26A2E4A8007A0BBA /* LaunchScreen.storyboard */; };
		19EF9B5926A2E4A8007A0BBA /* TakeawayChallengeTests.swift in Sources */ = {isa = PBXBuildFile; fileRef = 19EF9B5826A2E4A8007A0BBA /* TakeawayChallengeTests.swift */; };
		19EF9B6426A2E4A9007A0BBA /* TakeawayChallengeUITests.swift in Sources */ = {isa = PBXBuildFile; fileRef = 19EF9B6326A2E4A9007A0BBA /* TakeawayChallengeUITests.swift */; };
		19EF9B7326A2E776007A0BBA /* Helper in Frameworks */ = {isa = PBXBuildFile; productRef = 19EF9B7226A2E776007A0BBA /* Helper */; };
		19EF9B7726A2EA71007A0BBA /* RestaurantList in Frameworks */ = {isa = PBXBuildFile; productRef = 19EF9B7626A2EA71007A0BBA /* RestaurantList */; };
		19EF9B7C26A3E8A2007A0BBA /* RxHelper in Frameworks */ = {isa = PBXBuildFile; productRef = 19EF9B7B26A3E8A2007A0BBA /* RxHelper */; };
		19EF9B7E26A3F7D8007A0BBA /* FileReader in Frameworks */ = {isa = PBXBuildFile; productRef = 19EF9B7D26A3F7D8007A0BBA /* FileReader */; };
/* End PBXBuildFile section */

/* Begin PBXContainerItemProxy section */
		19EF9B5526A2E4A8007A0BBA /* PBXContainerItemProxy */ = {
			isa = PBXContainerItemProxy;
			containerPortal = 19EF9B3626A2E4A8007A0BBA /* Project object */;
			proxyType = 1;
			remoteGlobalIDString = 19EF9B3D26A2E4A8007A0BBA;
			remoteInfo = TakeawayChallenge;
		};
		19EF9B6026A2E4A9007A0BBA /* PBXContainerItemProxy */ = {
			isa = PBXContainerItemProxy;
			containerPortal = 19EF9B3626A2E4A8007A0BBA /* Project object */;
			proxyType = 1;
			remoteGlobalIDString = 19EF9B3D26A2E4A8007A0BBA;
			remoteInfo = TakeawayChallenge;
		};
/* End PBXContainerItemProxy section */

/* Begin PBXFileReference section */
		19EF9B3E26A2E4A8007A0BBA /* TakeawayChallenge.app */ = {isa = PBXFileReference; explicitFileType = wrapper.application; includeInIndex = 0; path = TakeawayChallenge.app; sourceTree = BUILT_PRODUCTS_DIR; };
		19EF9B4126A2E4A8007A0BBA /* AppDelegate.swift */ = {isa = PBXFileReference; lastKnownFileType = sourcecode.swift; path = AppDelegate.swift; sourceTree = "<group>"; };
		19EF9B4A26A2E4A8007A0BBA /* Assets.xcassets */ = {isa = PBXFileReference; lastKnownFileType = folder.assetcatalog; path = Assets.xcassets; sourceTree = "<group>"; };
		19EF9B4D26A2E4A8007A0BBA /* Base */ = {isa = PBXFileReference; lastKnownFileType = file.storyboard; name = Base; path = Base.lproj/LaunchScreen.storyboard; sourceTree = "<group>"; };
		19EF9B4F26A2E4A8007A0BBA /* Info.plist */ = {isa = PBXFileReference; lastKnownFileType = text.plist.xml; path = Info.plist; sourceTree = "<group>"; };
		19EF9B5426A2E4A8007A0BBA /* TakeawayChallengeTests.xctest */ = {isa = PBXFileReference; explicitFileType = wrapper.cfbundle; includeInIndex = 0; path = TakeawayChallengeTests.xctest; sourceTree = BUILT_PRODUCTS_DIR; };
		19EF9B5826A2E4A8007A0BBA /* TakeawayChallengeTests.swift */ = {isa = PBXFileReference; lastKnownFileType = sourcecode.swift; path = TakeawayChallengeTests.swift; sourceTree = "<group>"; };
		19EF9B5A26A2E4A8007A0BBA /* Info.plist */ = {isa = PBXFileReference; lastKnownFileType = text.plist.xml; path = Info.plist; sourceTree = "<group>"; };
		19EF9B5F26A2E4A9007A0BBA /* TakeawayChallengeUITests.xctest */ = {isa = PBXFileReference; explicitFileType = wrapper.cfbundle; includeInIndex = 0; path = TakeawayChallengeUITests.xctest; sourceTree = BUILT_PRODUCTS_DIR; };
		19EF9B6326A2E4A9007A0BBA /* TakeawayChallengeUITests.swift */ = {isa = PBXFileReference; lastKnownFileType = sourcecode.swift; path = TakeawayChallengeUITests.swift; sourceTree = "<group>"; };
		19EF9B6526A2E4A9007A0BBA /* Info.plist */ = {isa = PBXFileReference; lastKnownFileType = text.plist.xml; path = Info.plist; sourceTree = "<group>"; };
/* End PBXFileReference section */

/* Begin PBXFrameworksBuildPhase section */
		19EF9B3B26A2E4A8007A0BBA /* Frameworks */ = {
			isa = PBXFrameworksBuildPhase;
			buildActionMask = 2147483647;
			files = (
				19EF9B7C26A3E8A2007A0BBA /* RxHelper in Frameworks */,
				19EF9B7E26A3F7D8007A0BBA /* FileReader in Frameworks */,
				19EF9B7326A2E776007A0BBA /* Helper in Frameworks */,
				19EF9B7726A2EA71007A0BBA /* RestaurantList in Frameworks */,
			);
			runOnlyForDeploymentPostprocessing = 0;
		};
		19EF9B5126A2E4A8007A0BBA /* Frameworks */ = {
			isa = PBXFrameworksBuildPhase;
			buildActionMask = 2147483647;
			files = (
			);
			runOnlyForDeploymentPostprocessing = 0;
		};
		19EF9B5C26A2E4A9007A0BBA /* Frameworks */ = {
			isa = PBXFrameworksBuildPhase;
			buildActionMask = 2147483647;
			files = (
			);
			runOnlyForDeploymentPostprocessing = 0;
		};
/* End PBXFrameworksBuildPhase section */

/* Begin PBXGroup section */
		19EF9B3526A2E4A8007A0BBA = {
			isa = PBXGroup;
			children = (
				19EF9B4026A2E4A8007A0BBA /* TakeawayChallenge */,
				19EF9B5726A2E4A8007A0BBA /* TakeawayChallengeTests */,
				19EF9B6226A2E4A9007A0BBA /* TakeawayChallengeUITests */,
				19EF9B3F26A2E4A8007A0BBA /* Products */,
				19EF9B7126A2E776007A0BBA /* Frameworks */,
			);
			sourceTree = "<group>";
		};
		19EF9B3F26A2E4A8007A0BBA /* Products */ = {
			isa = PBXGroup;
			children = (
				19EF9B3E26A2E4A8007A0BBA /* TakeawayChallenge.app */,
				19EF9B5426A2E4A8007A0BBA /* TakeawayChallengeTests.xctest */,
				19EF9B5F26A2E4A9007A0BBA /* TakeawayChallengeUITests.xctest */,
			);
			name = Products;
			sourceTree = "<group>";
		};
		19EF9B4026A2E4A8007A0BBA /* TakeawayChallenge */ = {
			isa = PBXGroup;
			children = (
				19EF9B4126A2E4A8007A0BBA /* AppDelegate.swift */,
				19EF9B4A26A2E4A8007A0BBA /* Assets.xcassets */,
				19EF9B4C26A2E4A8007A0BBA /* LaunchScreen.storyboard */,
				19EF9B4F26A2E4A8007A0BBA /* Info.plist */,
			);
			path = TakeawayChallenge;
			sourceTree = "<group>";
		};
		19EF9B5726A2E4A8007A0BBA /* TakeawayChallengeTests */ = {
			isa = PBXGroup;
			children = (
				19EF9B5826A2E4A8007A0BBA /* TakeawayChallengeTests.swift */,
				19EF9B5A26A2E4A8007A0BBA /* Info.plist */,
			);
			path = TakeawayChallengeTests;
			sourceTree = "<group>";
		};
		19EF9B6226A2E4A9007A0BBA /* TakeawayChallengeUITests */ = {
			isa = PBXGroup;
			children = (
				19EF9B6326A2E4A9007A0BBA /* TakeawayChallengeUITests.swift */,
				19EF9B6526A2E4A9007A0BBA /* Info.plist */,
			);
			path = TakeawayChallengeUITests;
			sourceTree = "<group>";
		};
		19EF9B7126A2E776007A0BBA /* Frameworks */ = {
			isa = PBXGroup;
			children = (
			);
			name = Frameworks;
			sourceTree = "<group>";
		};
/* End PBXGroup section */

/* Begin PBXNativeTarget section */
		19EF9B3D26A2E4A8007A0BBA /* TakeawayChallenge */ = {
			isa = PBXNativeTarget;
			buildConfigurationList = 19EF9B6826A2E4A9007A0BBA /* Build configuration list for PBXNativeTarget "TakeawayChallenge" */;
			buildPhases = (
				19EF9B3A26A2E4A8007A0BBA /* Sources */,
				19EF9B3B26A2E4A8007A0BBA /* Frameworks */,
				19EF9B3C26A2E4A8007A0BBA /* Resources */,
			);
			buildRules = (
			);
			dependencies = (
			);
			name = TakeawayChallenge;
			packageProductDependencies = (
				19EF9B7226A2E776007A0BBA /* Helper */,
				19EF9B7626A2EA71007A0BBA /* RestaurantList */,
				19EF9B7B26A3E8A2007A0BBA /* RxHelper */,
				19EF9B7D26A3F7D8007A0BBA /* FileReader */,
			);
			productName = TakeawayChallenge;
			productReference = 19EF9B3E26A2E4A8007A0BBA /* TakeawayChallenge.app */;
			productType = "com.apple.product-type.application";
		};
		19EF9B5326A2E4A8007A0BBA /* TakeawayChallengeTests */ = {
			isa = PBXNativeTarget;
			buildConfigurationList = 19EF9B6B26A2E4A9007A0BBA /* Build configuration list for PBXNativeTarget "TakeawayChallengeTests" */;
			buildPhases = (
				19EF9B5026A2E4A8007A0BBA /* Sources */,
				19EF9B5126A2E4A8007A0BBA /* Frameworks */,
				19EF9B5226A2E4A8007A0BBA /* Resources */,
			);
			buildRules = (
			);
			dependencies = (
				19EF9B5626A2E4A8007A0BBA /* PBXTargetDependency */,
			);
			name = TakeawayChallengeTests;
			productName = TakeawayChallengeTests;
			productReference = 19EF9B5426A2E4A8007A0BBA /* TakeawayChallengeTests.xctest */;
			productType = "com.apple.product-type.bundle.unit-test";
		};
		19EF9B5E26A2E4A9007A0BBA /* TakeawayChallengeUITests */ = {
			isa = PBXNativeTarget;
			buildConfigurationList = 19EF9B6E26A2E4A9007A0BBA /* Build configuration list for PBXNativeTarget "TakeawayChallengeUITests" */;
			buildPhases = (
				19EF9B5B26A2E4A9007A0BBA /* Sources */,
				19EF9B5C26A2E4A9007A0BBA /* Frameworks */,
				19EF9B5D26A2E4A9007A0BBA /* Resources */,
			);
			buildRules = (
			);
			dependencies = (
				19EF9B6126A2E4A9007A0BBA /* PBXTargetDependency */,
			);
			name = TakeawayChallengeUITests;
			productName = TakeawayChallengeUITests;
			productReference = 19EF9B5F26A2E4A9007A0BBA /* TakeawayChallengeUITests.xctest */;
			productType = "com.apple.product-type.bundle.ui-testing";
		};
/* End PBXNativeTarget section */

/* Begin PBXProject section */
		19EF9B3626A2E4A8007A0BBA /* Project object */ = {
			isa = PBXProject;
			attributes = {
				LastSwiftUpdateCheck = 1250;
				LastUpgradeCheck = 1250;
				TargetAttributes = {
					19EF9B3D26A2E4A8007A0BBA = {
						CreatedOnToolsVersion = 12.5.1;
					};
					19EF9B5326A2E4A8007A0BBA = {
						CreatedOnToolsVersion = 12.5.1;
						TestTargetID = 19EF9B3D26A2E4A8007A0BBA;
					};
					19EF9B5E26A2E4A9007A0BBA = {
						CreatedOnToolsVersion = 12.5.1;
						TestTargetID = 19EF9B3D26A2E4A8007A0BBA;
					};
				};
			};
			buildConfigurationList = 19EF9B3926A2E4A8007A0BBA /* Build configuration list for PBXProject "TakeawayChallenge" */;
			compatibilityVersion = "Xcode 9.3";
			developmentRegion = en;
			hasScannedForEncodings = 0;
			knownRegions = (
				en,
				Base,
			);
			mainGroup = 19EF9B3526A2E4A8007A0BBA;
			productRefGroup = 19EF9B3F26A2E4A8007A0BBA /* Products */;
			projectDirPath = "";
			projectRoot = "";
			targets = (
				19EF9B3D26A2E4A8007A0BBA /* TakeawayChallenge */,
				19EF9B5326A2E4A8007A0BBA /* TakeawayChallengeTests */,
				19EF9B5E26A2E4A9007A0BBA /* TakeawayChallengeUITests */,
			);
		};
/* End PBXProject section */

/* Begin PBXResourcesBuildPhase section */
		19EF9B3C26A2E4A8007A0BBA /* Resources */ = {
			isa = PBXResourcesBuildPhase;
			buildActionMask = 2147483647;
			files = (
				19EF9B4E26A2E4A8007A0BBA /* LaunchScreen.storyboard in Resources */,
				19EF9B4B26A2E4A8007A0BBA /* Assets.xcassets in Resources */,
			);
			runOnlyForDeploymentPostprocessing = 0;
		};
		19EF9B5226A2E4A8007A0BBA /* Resources */ = {
			isa = PBXResourcesBuildPhase;
			buildActionMask = 2147483647;
			files = (
			);
			runOnlyForDeploymentPostprocessing = 0;
		};
		19EF9B5D26A2E4A9007A0BBA /* Resources */ = {
			isa = PBXResourcesBuildPhase;
			buildActionMask = 2147483647;
			files = (
			);
			runOnlyForDeploymentPostprocessing = 0;
		};
/* End PBXResourcesBuildPhase section */

/* Begin PBXSourcesBuildPhase section */
		19EF9B3A26A2E4A8007A0BBA /* Sources */ = {
			isa = PBXSourcesBuildPhase;
			buildActionMask = 2147483647;
			files = (
				19EF9B4226A2E4A8007A0BBA /* AppDelegate.swift in Sources */,
			);
			runOnlyForDeploymentPostprocessing = 0;
		};
		19EF9B5026A2E4A8007A0BBA /* Sources */ = {
			isa = PBXSourcesBuildPhase;
			buildActionMask = 2147483647;
			files = (
				19EF9B5926A2E4A8007A0BBA /* TakeawayChallengeTests.swift in Sources */,
			);
			runOnlyForDeploymentPostprocessing = 0;
		};
		19EF9B5B26A2E4A9007A0BBA /* Sources */ = {
			isa = PBXSourcesBuildPhase;
			buildActionMask = 2147483647;
			files = (
				19EF9B6426A2E4A9007A0BBA /* TakeawayChallengeUITests.swift in Sources */,
			);
			runOnlyForDeploymentPostprocessing = 0;
		};
/* End PBXSourcesBuildPhase section */

/* Begin PBXTargetDependency section */
		19EF9B5626A2E4A8007A0BBA /* PBXTargetDependency */ = {
			isa = PBXTargetDependency;
			target = 19EF9B3D26A2E4A8007A0BBA /* TakeawayChallenge */;
			targetProxy = 19EF9B5526A2E4A8007A0BBA /* PBXContainerItemProxy */;
		};
		19EF9B6126A2E4A9007A0BBA /* PBXTargetDependency */ = {
			isa = PBXTargetDependency;
			target = 19EF9B3D26A2E4A8007A0BBA /* TakeawayChallenge */;
			targetProxy = 19EF9B6026A2E4A9007A0BBA /* PBXContainerItemProxy */;
		};
/* End PBXTargetDependency section */

/* Begin PBXVariantGroup section */
		19EF9B4C26A2E4A8007A0BBA /* LaunchScreen.storyboard */ = {
			isa = PBXVariantGroup;
			children = (
				19EF9B4D26A2E4A8007A0BBA /* Base */,
			);
			name = LaunchScreen.storyboard;
			sourceTree = "<group>";
		};
/* End PBXVariantGroup section */

/* Begin XCBuildConfiguration section */
		19EF9B6626A2E4A9007A0BBA /* Debug */ = {
			isa = XCBuildConfiguration;
			buildSettings = {
				ALWAYS_SEARCH_USER_PATHS = NO;
				CLANG_ANALYZER_NONNULL = YES;
				CLANG_ANALYZER_NUMBER_OBJECT_CONVERSION = YES_AGGRESSIVE;
				CLANG_CXX_LANGUAGE_STANDARD = "gnu++14";
				CLANG_CXX_LIBRARY = "libc++";
				CLANG_ENABLE_MODULES = YES;
				CLANG_ENABLE_OBJC_ARC = YES;
				CLANG_ENABLE_OBJC_WEAK = YES;
				CLANG_WARN_BLOCK_CAPTURE_AUTORELEASING = YES;
				CLANG_WARN_BOOL_CONVERSION = YES;
				CLANG_WARN_COMMA = YES;
				CLANG_WARN_CONSTANT_CONVERSION = YES;
				CLANG_WARN_DEPRECATED_OBJC_IMPLEMENTATIONS = YES;
				CLANG_WARN_DIRECT_OBJC_ISA_USAGE = YES_ERROR;
				CLANG_WARN_DOCUMENTATION_COMMENTS = YES;
				CLANG_WARN_EMPTY_BODY = YES;
				CLANG_WARN_ENUM_CONVERSION = YES;
				CLANG_WARN_INFINITE_RECURSION = YES;
				CLANG_WARN_INT_CONVERSION = YES;
				CLANG_WARN_NON_LITERAL_NULL_CONVERSION = YES;
				CLANG_WARN_OBJC_IMPLICIT_RETAIN_SELF = YES;
				CLANG_WARN_OBJC_LITERAL_CONVERSION = YES;
				CLANG_WARN_OBJC_ROOT_CLASS = YES_ERROR;
				CLANG_WARN_QUOTED_INCLUDE_IN_FRAMEWORK_HEADER = YES;
				CLANG_WARN_RANGE_LOOP_ANALYSIS = YES;
				CLANG_WARN_STRICT_PROTOTYPES = YES;
				CLANG_WARN_SUSPICIOUS_MOVE = YES;
				CLANG_WARN_UNGUARDED_AVAILABILITY = YES_AGGRESSIVE;
				CLANG_WARN_UNREACHABLE_CODE = YES;
				CLANG_WARN__DUPLICATE_METHOD_MATCH = YES;
				COPY_PHASE_STRIP = NO;
				DEBUG_INFORMATION_FORMAT = dwarf;
				ENABLE_STRICT_OBJC_MSGSEND = YES;
				ENABLE_TESTABILITY = YES;
				GCC_C_LANGUAGE_STANDARD = gnu11;
				GCC_DYNAMIC_NO_PIC = NO;
				GCC_NO_COMMON_BLOCKS = YES;
				GCC_OPTIMIZATION_LEVEL = 0;
				GCC_PREPROCESSOR_DEFINITIONS = (
					"DEBUG=1",
					"$(inherited)",
				);
				GCC_WARN_64_TO_32_BIT_CONVERSION = YES;
				GCC_WARN_ABOUT_RETURN_TYPE = YES_ERROR;
				GCC_WARN_UNDECLARED_SELECTOR = YES;
				GCC_WARN_UNINITIALIZED_AUTOS = YES_AGGRESSIVE;
				GCC_WARN_UNUSED_FUNCTION = YES;
				GCC_WARN_UNUSED_VARIABLE = YES;
				IPHONEOS_DEPLOYMENT_TARGET = 14.5;
				MTL_ENABLE_DEBUG_INFO = INCLUDE_SOURCE;
				MTL_FAST_MATH = YES;
				ONLY_ACTIVE_ARCH = YES;
				SDKROOT = iphoneos;
				SWIFT_ACTIVE_COMPILATION_CONDITIONS = DEBUG;
				SWIFT_OPTIMIZATION_LEVEL = "-Onone";
			};
			name = Debug;
		};
		19EF9B6726A2E4A9007A0BBA /* Release */ = {
			isa = XCBuildConfiguration;
			buildSettings = {
				ALWAYS_SEARCH_USER_PATHS = NO;
				CLANG_ANALYZER_NONNULL = YES;
				CLANG_ANALYZER_NUMBER_OBJECT_CONVERSION = YES_AGGRESSIVE;
				CLANG_CXX_LANGUAGE_STANDARD = "gnu++14";
				CLANG_CXX_LIBRARY = "libc++";
				CLANG_ENABLE_MODULES = YES;
				CLANG_ENABLE_OBJC_ARC = YES;
				CLANG_ENABLE_OBJC_WEAK = YES;
				CLANG_WARN_BLOCK_CAPTURE_AUTORELEASING = YES;
				CLANG_WARN_BOOL_CONVERSION = YES;
				CLANG_WARN_COMMA = YES;
				CLANG_WARN_CONSTANT_CONVERSION = YES;
				CLANG_WARN_DEPRECATED_OBJC_IMPLEMENTATIONS = YES;
				CLANG_WARN_DIRECT_OBJC_ISA_USAGE = YES_ERROR;
				CLANG_WARN_DOCUMENTATION_COMMENTS = YES;
				CLANG_WARN_EMPTY_BODY = YES;
				CLANG_WARN_ENUM_CONVERSION = YES;
				CLANG_WARN_INFINITE_RECURSION = YES;
				CLANG_WARN_INT_CONVERSION = YES;
				CLANG_WARN_NON_LITERAL_NULL_CONVERSION = YES;
				CLANG_WARN_OBJC_IMPLICIT_RETAIN_SELF = YES;
				CLANG_WARN_OBJC_LITERAL_CONVERSION = YES;
				CLANG_WARN_OBJC_ROOT_CLASS = YES_ERROR;
				CLANG_WARN_QUOTED_INCLUDE_IN_FRAMEWORK_HEADER = YES;
				CLANG_WARN_RANGE_LOOP_ANALYSIS = YES;
				CLANG_WARN_STRICT_PROTOTYPES = YES;
				CLANG_WARN_SUSPICIOUS_MOVE = YES;
				CLANG_WARN_UNGUARDED_AVAILABILITY = YES_AGGRESSIVE;
				CLANG_WARN_UNREACHABLE_CODE = YES;
				CLANG_WARN__DUPLICATE_METHOD_MATCH = YES;
				COPY_PHASE_STRIP = NO;
				DEBUG_INFORMATION_FORMAT = "dwarf-with-dsym";
				ENABLE_NS_ASSERTIONS = NO;
				ENABLE_STRICT_OBJC_MSGSEND = YES;
				GCC_C_LANGUAGE_STANDARD = gnu11;
				GCC_NO_COMMON_BLOCKS = YES;
				GCC_WARN_64_TO_32_BIT_CONVERSION = YES;
				GCC_WARN_ABOUT_RETURN_TYPE = YES_ERROR;
				GCC_WARN_UNDECLARED_SELECTOR = YES;
				GCC_WARN_UNINITIALIZED_AUTOS = YES_AGGRESSIVE;
				GCC_WARN_UNUSED_FUNCTION = YES;
				GCC_WARN_UNUSED_VARIABLE = YES;
				IPHONEOS_DEPLOYMENT_TARGET = 14.5;
				MTL_ENABLE_DEBUG_INFO = NO;
				MTL_FAST_MATH = YES;
				SDKROOT = iphoneos;
				SWIFT_COMPILATION_MODE = wholemodule;
				SWIFT_OPTIMIZATION_LEVEL = "-O";
				VALIDATE_PRODUCT = YES;
			};
			name = Release;
		};
		19EF9B6926A2E4A9007A0BBA /* Debug */ = {
			isa = XCBuildConfiguration;
			buildSettings = {
				ASSETCATALOG_COMPILER_APPICON_NAME = AppIcon;
				ASSETCATALOG_COMPILER_GLOBAL_ACCENT_COLOR_NAME = AccentColor;
				CODE_SIGN_STYLE = Automatic;
				INFOPLIST_FILE = TakeawayChallenge/Info.plist;
				IPHONEOS_DEPLOYMENT_TARGET = 11.0;
				LD_RUNPATH_SEARCH_PATHS = (
					"$(inherited)",
					"@executable_path/Frameworks",
				);
				PRODUCT_BUNDLE_IDENTIFIER = serhanaksut.com.TakeawayChallenge;
				PRODUCT_NAME = "$(TARGET_NAME)";
				SWIFT_VERSION = 5.0;
				TARGETED_DEVICE_FAMILY = 1;
			};
			name = Debug;
		};
		19EF9B6A26A2E4A9007A0BBA /* Release */ = {
			isa = XCBuildConfiguration;
			buildSettings = {
				ASSETCATALOG_COMPILER_APPICON_NAME = AppIcon;
				ASSETCATALOG_COMPILER_GLOBAL_ACCENT_COLOR_NAME = AccentColor;
				CODE_SIGN_STYLE = Automatic;
				INFOPLIST_FILE = TakeawayChallenge/Info.plist;
				IPHONEOS_DEPLOYMENT_TARGET = 11.0;
				LD_RUNPATH_SEARCH_PATHS = (
					"$(inherited)",
					"@executable_path/Frameworks",
				);
				PRODUCT_BUNDLE_IDENTIFIER = serhanaksut.com.TakeawayChallenge;
				PRODUCT_NAME = "$(TARGET_NAME)";
				SWIFT_VERSION = 5.0;
				TARGETED_DEVICE_FAMILY = 1;
			};
			name = Release;
		};
		19EF9B6C26A2E4A9007A0BBA /* Debug */ = {
			isa = XCBuildConfiguration;
			buildSettings = {
				ALWAYS_EMBED_SWIFT_STANDARD_LIBRARIES = YES;
				BUNDLE_LOADER = "$(TEST_HOST)";
				CODE_SIGN_STYLE = Automatic;
				INFOPLIST_FILE = TakeawayChallengeTests/Info.plist;
				IPHONEOS_DEPLOYMENT_TARGET = 14.5;
				LD_RUNPATH_SEARCH_PATHS = (
					"$(inherited)",
					"@executable_path/Frameworks",
					"@loader_path/Frameworks",
				);
				PRODUCT_BUNDLE_IDENTIFIER = serhanaksut.com.TakeawayChallengeTests;
				PRODUCT_NAME = "$(TARGET_NAME)";
				SWIFT_VERSION = 5.0;
				TARGETED_DEVICE_FAMILY = "1,2";
				TEST_HOST = "$(BUILT_PRODUCTS_DIR)/TakeawayChallenge.app/TakeawayChallenge";
			};
			name = Debug;
		};
		19EF9B6D26A2E4A9007A0BBA /* Release */ = {
			isa = XCBuildConfiguration;
			buildSettings = {
				ALWAYS_EMBED_SWIFT_STANDARD_LIBRARIES = YES;
				BUNDLE_LOADER = "$(TEST_HOST)";
				CODE_SIGN_STYLE = Automatic;
				INFOPLIST_FILE = TakeawayChallengeTests/Info.plist;
				IPHONEOS_DEPLOYMENT_TARGET = 14.5;
				LD_RUNPATH_SEARCH_PATHS = (
					"$(inherited)",
					"@executable_path/Frameworks",
					"@loader_path/Frameworks",
				);
				PRODUCT_BUNDLE_IDENTIFIER = serhanaksut.com.TakeawayChallengeTests;
				PRODUCT_NAME = "$(TARGET_NAME)";
				SWIFT_VERSION = 5.0;
				TARGETED_DEVICE_FAMILY = "1,2";
				TEST_HOST = "$(BUILT_PRODUCTS_DIR)/TakeawayChallenge.app/TakeawayChallenge";
			};
			name = Release;
		};
		19EF9B6F26A2E4A9007A0BBA /* Debug */ = {
			isa = XCBuildConfiguration;
			buildSettings = {
				ALWAYS_EMBED_SWIFT_STANDARD_LIBRARIES = YES;
				CODE_SIGN_STYLE = Automatic;
				INFOPLIST_FILE = TakeawayChallengeUITests/Info.plist;
				LD_RUNPATH_SEARCH_PATHS = (
					"$(inherited)",
					"@executable_path/Frameworks",
					"@loader_path/Frameworks",
				);
				PRODUCT_BUNDLE_IDENTIFIER = serhanaksut.com.TakeawayChallengeUITests;
				PRODUCT_NAME = "$(TARGET_NAME)";
				SWIFT_VERSION = 5.0;
				TARGETED_DEVICE_FAMILY = "1,2";
				TEST_TARGET_NAME = TakeawayChallenge;
			};
			name = Debug;
		};
		19EF9B7026A2E4A9007A0BBA /* Release */ = {
			isa = XCBuildConfiguration;
			buildSettings = {
				ALWAYS_EMBED_SWIFT_STANDARD_LIBRARIES = YES;
				CODE_SIGN_STYLE = Automatic;
				INFOPLIST_FILE = TakeawayChallengeUITests/Info.plist;
				LD_RUNPATH_SEARCH_PATHS = (
					"$(inherited)",
					"@executable_path/Frameworks",
					"@loader_path/Frameworks",
				);
				PRODUCT_BUNDLE_IDENTIFIER = serhanaksut.com.TakeawayChallengeUITests;
				PRODUCT_NAME = "$(TARGET_NAME)";
				SWIFT_VERSION = 5.0;
				TARGETED_DEVICE_FAMILY = "1,2";
				TEST_TARGET_NAME = TakeawayChallenge;
			};
			name = Release;
		};
/* End XCBuildConfiguration section */

/* Begin XCConfigurationList section */
		19EF9B3926A2E4A8007A0BBA /* Build configuration list for PBXProject "TakeawayChallenge" */ = {
			isa = XCConfigurationList;
			buildConfigurations = (
				19EF9B6626A2E4A9007A0BBA /* Debug */,
				19EF9B6726A2E4A9007A0BBA /* Release */,
			);
			defaultConfigurationIsVisible = 0;
			defaultConfigurationName = Release;
		};
		19EF9B6826A2E4A9007A0BBA /* Build configuration list for PBXNativeTarget "TakeawayChallenge" */ = {
			isa = XCConfigurationList;
			buildConfigurations = (
				19EF9B6926A2E4A9007A0BBA /* Debug */,
				19EF9B6A26A2E4A9007A0BBA /* Release */,
			);
			defaultConfigurationIsVisible = 0;
			defaultConfigurationName = Release;
		};
		19EF9B6B26A2E4A9007A0BBA /* Build configuration list for PBXNativeTarget "TakeawayChallengeTests" */ = {
			isa = XCConfigurationList;
			buildConfigurations = (
				19EF9B6C26A2E4A9007A0BBA /* Debug */,
				19EF9B6D26A2E4A9007A0BBA /* Release */,
			);
			defaultConfigurationIsVisible = 0;
			defaultConfigurationName = Release;
		};
		19EF9B6E26A2E4A9007A0BBA /* Build configuration list for PBXNativeTarget "TakeawayChallengeUITests" */ = {
			isa = XCConfigurationList;
			buildConfigurations = (
				19EF9B6F26A2E4A9007A0BBA /* Debug */,
				19EF9B7026A2E4A9007A0BBA /* Release */,
			);
			defaultConfigurationIsVisible = 0;
			defaultConfigurationName = Release;
		};
/* End XCConfigurationList section */

/* Begin XCSwiftPackageProductDependency section */
		19EF9B7226A2E776007A0BBA /* Helper */ = {
			isa = XCSwiftPackageProductDependency;
			productName = Helper;
		};
		19EF9B7626A2EA71007A0BBA /* RestaurantList */ = {
			isa = XCSwiftPackageProductDependency;
			productName = RestaurantList;
		};
		19EF9B7B26A3E8A2007A0BBA /* RxHelper */ = {
			isa = XCSwiftPackageProductDependency;
			productName = RxHelper;
		};
		19EF9B7D26A3F7D8007A0BBA /* FileReader */ = {
			isa = XCSwiftPackageProductDependency;
			productName = FileReader;
		};
/* End XCSwiftPackageProductDependency section */
	};
	rootObject = 19EF9B3626A2E4A8007A0BBA /* Project object */;
}
